<?xml version="1.0" encoding="utf-8"?>
<Project ToolsVersion="4.0" xmlns="http://schemas.microsoft.com/developer/msbuild/2003">
  <ItemGroup>
    <Filter Include="tests">
      <UniqueIdentifier>{08cb628c-3fe4-47b2-8649-25d9b6e2f5c9}</UniqueIdentifier>
    </Filter>
    <Filter Include="curve">
      <UniqueIdentifier>{2acd2ff6-668a-4136-9ac8-14fb3c96b182}</UniqueIdentifier>
    </Filter>
    <Filter Include="section">
      <UniqueIdentifier>{657de78c-5f85-4f29-9c35-698002ec872d}</UniqueIdentifier>
    </Filter>
    <Filter Include="primitive">
      <UniqueIdentifier>{ae77c86d-9c13-40a4-af7b-1f04f882fd7f}</UniqueIdentifier>
    </Filter>
    <Filter Include="core">
      <UniqueIdentifier>{09194a2b-d556-49d4-a44d-a68c1f68bfd0}</UniqueIdentifier>
    </Filter>
    <Filter Include="ds">
      <UniqueIdentifier>{6d69525a-db17-4f8e-b3d1-65763c28c4c4}</UniqueIdentifier>
    </Filter>
    <Filter Include="storage">
      <UniqueIdentifier>{7ade8e57-3aa8-4505-84e7-4e7ddc108b70}</UniqueIdentifier>
    </Filter>
    <Filter Include="hull">
      <UniqueIdentifier>{730c8fdb-1697-4f3a-9ba4-513f17d5c33f}</UniqueIdentifier>
    </Filter>
    <Filter Include="sort">
      <UniqueIdentifier>{025738f8-7d93-43db-a0a8-5d3c159146e1}</UniqueIdentifier>
    </Filter>
    <Filter Include="main">
      <UniqueIdentifier>{41233188-87ab-401f-9129-ebcb50416037}</UniqueIdentifier>
    </Filter>
    <Filter Include="imgui">
      <UniqueIdentifier>{f551e4ae-2203-401a-af5b-2743197a5dd3}</UniqueIdentifier>
    </Filter>
    <Filter Include="gl">
      <UniqueIdentifier>{0710103d-1679-4567-afd8-481bed3fd458}</UniqueIdentifier>
    </Filter>
    <Filter Include="glfw3-cxx">
      <UniqueIdentifier>{055f971a-3ec5-4ebf-9192-cc17ac1391cc}</UniqueIdentifier>
    </Filter>
    <Filter Include="graphics-res">
      <UniqueIdentifier>{f1585979-da21-424b-bbad-35b138938aab}</UniqueIdentifier>
    </Filter>
    <Filter Include="signal">
      <UniqueIdentifier>{8db174bf-af6d-42c5-8d94-7e772369ec28}</UniqueIdentifier>
    </Filter>
    <Filter Include="main\states">
      <UniqueIdentifier>{8ffd6697-655f-49f1-9b06-7feb7866e213}</UniqueIdentifier>
    </Filter>
    <Filter Include="main\progs">
      <UniqueIdentifier>{a4f6e186-7af0-4607-930f-e12966e2c9cb}</UniqueIdentifier>
    </Filter>
    <Filter Include="main\gui">
      <UniqueIdentifier>{f063f85c-6e84-4ffa-91b4-016359a44821}</UniqueIdentifier>
    </Filter>
  </ItemGroup>
  <ItemGroup>
    <ClInclude Include="src\test_util.h">
      <Filter>tests</Filter>
    </ClInclude>
    <ClInclude Include="src\trb_test.h">
      <Filter>tests</Filter>
    </ClInclude>
    <ClInclude Include="src\primitive.h">
      <Filter>primitive</Filter>
    </ClInclude>
    <ClInclude Include="src\trb_util.h">
      <Filter>ds</Filter>
    </ClInclude>
    <ClInclude Include="src\quadtree_test.h">
      <Filter>tests</Filter>
    </ClInclude>
    <ClInclude Include="src\bezier.h">
      <Filter>curve</Filter>
    </ClInclude>
    <ClInclude Include="src\core.h">
      <Filter>core</Filter>
    </ClInclude>
    <ClInclude Include="src\quadtree.h">
      <Filter>ds</Filter>
    </ClInclude>
    <ClInclude Include="src\list.h">
      <Filter>ds</Filter>
    </ClInclude>
    <ClInclude Include="src\pool_storage.h">
      <Filter>storage</Filter>
    </ClInclude>
    <ClInclude Include="src\convex_hull.h">
      <Filter>hull</Filter>
    </ClInclude>
    <ClInclude Include="src\dcel.h">
      <Filter>ds</Filter>
    </ClInclude>
    <ClInclude Include="src\qsort.h">
      <Filter>sort</Filter>
    </ClInclude>
    <ClInclude Include="src\trb_set.h">
      <Filter>ds</Filter>
    </ClInclude>
    <ClInclude Include="src\trb_node.h">
      <Filter>ds</Filter>
    </ClInclude>
    <ClInclude Include="src\trb_tree.h">
      <Filter>ds</Filter>
    </ClInclude>
    <ClInclude Include="src\section.h">
      <Filter>section</Filter>
    </ClInclude>
    <ClInclude Include="src\primitive_test.h">
      <Filter>tests</Filter>
    </ClInclude>
    <ClInclude Include="src\section_segments_test.h">
      <Filter>tests</Filter>
    </ClInclude>
    <ClInclude Include="src\glfw-cxx\glfw3.h">
      <Filter>glfw3-cxx</Filter>
    </ClInclude>
    <ClInclude Include="src\glfw-cxx\opengl-loader.h">
      <Filter>glfw3-cxx</Filter>
    </ClInclude>
    <ClInclude Include="src\gl-header\gl-header.h">
      <Filter>gl</Filter>
    </ClInclude>
    <ClInclude Include="src\imgui\imconfig.h">
      <Filter>imgui</Filter>
    </ClInclude>
    <ClInclude Include="src\imgui\imgui.h">
      <Filter>imgui</Filter>
    </ClInclude>
    <ClInclude Include="src\imgui\imgui_impl_glfw.h">
      <Filter>imgui</Filter>
    </ClInclude>
    <ClInclude Include="src\imgui\imgui_impl_opengl3.h">
      <Filter>imgui</Filter>
    </ClInclude>
    <ClInclude Include="src\imgui\imgui_internal.h">
      <Filter>imgui</Filter>
    </ClInclude>
    <ClInclude Include="src\imgui\imstb_rectpack.h">
      <Filter>imgui</Filter>
    </ClInclude>
    <ClInclude Include="src\imgui\imstb_textedit.h">
      <Filter>imgui</Filter>
    </ClInclude>
    <ClInclude Include="src\imgui\imstb_truetype.h">
      <Filter>imgui</Filter>
    </ClInclude>
    <ClInclude Include="src\graphics-res\graphics-res.h">
      <Filter>graphics-res</Filter>
    </ClInclude>
    <ClInclude Include="src\graphics-res\graphics-res-util.h">
      <Filter>graphics-res</Filter>
    </ClInclude>
    <ClInclude Include="src\main-window.h">
      <Filter>main</Filter>
    </ClInclude>
    <ClInclude Include="src\app.h">
      <Filter>main</Filter>
    </ClInclude>
    <ClInclude Include="src\pqueue.h">
      <Filter>ds</Filter>
    </ClInclude>
    <ClInclude Include="src\gui-signal.h">
      <Filter>signal</Filter>
    </ClInclude>
    <ClInclude Include="src\lab1.h">
      <Filter>main\states</Filter>
    </ClInclude>
    <ClInclude Include="src\lab3.h">
      <Filter>main\states</Filter>
    </ClInclude>
    <ClInclude Include="src\lab4.h">
      <Filter>main\states</Filter>
    </ClInclude>
    <ClInclude Include="src\lab5.h">
      <Filter>main\states</Filter>
    </ClInclude>
    <ClInclude Include="src\lab6.h">
      <Filter>main\states</Filter>
    </ClInclude>
    <ClInclude Include="src\choose-lab.h">
      <Filter>main\states</Filter>
    </ClInclude>
    <ClInclude Include="src\prog-frame.h">
      <Filter>main\progs</Filter>
    </ClInclude>
    <ClInclude Include="src\prog-rect.h">
      <Filter>main\progs</Filter>
    </ClInclude>
    <ClInclude Include="src\prog-color-prim.h">
      <Filter>main\progs</Filter>
    </ClInclude>
    <ClInclude Include="src\gl-header\gl-types.h">
      <Filter>gl</Filter>
    </ClInclude>
    <ClInclude Include="src\graphics-res\graphics-res-fwd.h">
      <Filter>graphics-res</Filter>
    </ClInclude>
    <ClInclude Include="src\choose-gui.h">
      <Filter>main\gui</Filter>
    </ClInclude>
    <ClInclude Include="src\lab1-gui.h">
      <Filter>main\gui</Filter>
    </ClInclude>
    <ClInclude Include="src\lab2-gui.h">
      <Filter>main\gui</Filter>
    </ClInclude>
    <ClInclude Include="src\lab2.h">
      <Filter>main\states</Filter>
    </ClInclude>
    <ClInclude Include="src\state-creator.h">
      <Filter>main</Filter>
    </ClInclude>
    <ClInclude Include="src\gui.h">
      <Filter>main\gui</Filter>
    </ClInclude>
    <ClInclude Include="src\app-state.h">
      <Filter>main\states</Filter>
    </ClInclude>
    <ClInclude Include="src\lab-options.h">
      <Filter>main</Filter>
    </ClInclude>
    <ClInclude Include="src\lab3-gui.h">
      <Filter>main\gui</Filter>
    </ClInclude>
    <ClInclude Include="src\lab4-gui.h">
      <Filter>main\gui</Filter>
    </ClInclude>
    <ClInclude Include="src\lab5-gui.h">
      <Filter>main\gui</Filter>
    </ClInclude>
    <ClInclude Include="src\lab6-gui.h">
      <Filter>main\gui</Filter>
    </ClInclude>
    <ClInclude Include="src\Predicates.h">
      <Filter>primitive</Filter>
    </ClInclude>
    <ClInclude Include="src\hull_test.h">
      <Filter>tests</Filter>
    </ClInclude>
  </ItemGroup>
  <ItemGroup>
    <ClCompile Include="src\trb_test.cpp">
      <Filter>tests</Filter>
    </ClCompile>
    <ClCompile Include="src\primitive.cpp">
      <Filter>primitive</Filter>
    </ClCompile>
    <ClCompile Include="src\quadtree_test.cpp">
      <Filter>tests</Filter>
    </ClCompile>
    <ClCompile Include="src\qsort.cpp">
      <Filter>sort</Filter>
    </ClCompile>
    <ClCompile Include="src\main.cpp">
      <Filter>main</Filter>
    </ClCompile>
    <ClCompile Include="src\section.cpp">
      <Filter>section</Filter>
    </ClCompile>
    <ClCompile Include="src\primitive_test.cpp">
      <Filter>tests</Filter>
    </ClCompile>
    <ClCompile Include="src\section_segments_test.cpp">
      <Filter>tests</Filter>
    </ClCompile>
    <ClCompile Include="src\glfw-cxx\sources\glfw3.cpp">
      <Filter>glfw3-cxx</Filter>
    </ClCompile>
    <ClCompile Include="src\glfw-cxx\sources\opengl-loader.cpp">
      <Filter>glfw3-cxx</Filter>
    </ClCompile>
    <ClCompile Include="src\imgui\imgui.cpp">
      <Filter>imgui</Filter>
    </ClCompile>
    <ClCompile Include="src\imgui\imgui_demo.cpp">
      <Filter>imgui</Filter>
    </ClCompile>
    <ClCompile Include="src\imgui\imgui_draw.cpp">
      <Filter>imgui</Filter>
    </ClCompile>
    <ClCompile Include="src\imgui\imgui_impl_glfw.cpp">
      <Filter>imgui</Filter>
    </ClCompile>
    <ClCompile Include="src\imgui\imgui_impl_opengl3.cpp">
      <Filter>imgui</Filter>
    </ClCompile>
    <ClCompile Include="src\imgui\imgui_tables.cpp">
      <Filter>imgui</Filter>
    </ClCompile>
    <ClCompile Include="src\imgui\imgui_widgets.cpp">
      <Filter>imgui</Filter>
    </ClCompile>
    <ClCompile Include="src\graphics-res\graphics-res.cpp">
      <Filter>graphics-res</Filter>
    </ClCompile>
    <ClCompile Include="src\graphics-res\graphics-res-util.cpp">
      <Filter>graphics-res</Filter>
    </ClCompile>
    <ClCompile Include="src\main-window.cpp">
      <Filter>main</Filter>
    </ClCompile>
    <ClCompile Include="src\app.cpp">
      <Filter>main</Filter>
    </ClCompile>
    <ClCompile Include="src\choose-lab.cpp">
      <Filter>main\states</Filter>
    </ClCompile>
    <ClCompile Include="src\prog-frame.cpp">
      <Filter>main\progs</Filter>
    </ClCompile>
    <ClCompile Include="src\prog-rect.cpp">
      <Filter>main\progs</Filter>
    </ClCompile>
    <ClCompile Include="src\lab1.cpp">
      <Filter>main\states</Filter>
    </ClCompile>
    <ClCompile Include="src\prog-color-prim.cpp">
      <Filter>main\progs</Filter>
    </ClCompile>
    <ClCompile Include="src\choose-gui.cpp">
      <Filter>main\gui</Filter>
    </ClCompile>
    <ClCompile Include="src\lab1-gui.cpp">
      <Filter>main\gui</Filter>
    </ClCompile>
    <ClCompile Include="src\lab2-gui.cpp">
      <Filter>main\gui</Filter>
    </ClCompile>
    <ClCompile Include="src\lab2.cpp">
      <Filter>main\states</Filter>
    </ClCompile>
    <ClCompile Include="src\state-creator.cpp">
      <Filter>main</Filter>
    </ClCompile>
    <ClCompile Include="src\lab3.cpp">
      <Filter>main\states</Filter>
    </ClCompile>
    <ClCompile Include="src\lab4.cpp">
      <Filter>main\states</Filter>
    </ClCompile>
    <ClCompile Include="src\lab5.cpp">
      <Filter>main\states</Filter>
    </ClCompile>
    <ClCompile Include="src\lab6.cpp">
      <Filter>main\states</Filter>
    </ClCompile>
    <ClCompile Include="src\lab4-gui.cpp">
      <Filter>main\gui</Filter>
    </ClCompile>
    <ClCompile Include="src\lab5-gui.cpp">
      <Filter>main\gui</Filter>
    </ClCompile>
    <ClCompile Include="src\lab3-gui.cpp">
      <Filter>main\gui</Filter>
    </ClCompile>
    <ClCompile Include="src\lab6-gui.cpp">
      <Filter>main\gui</Filter>
    </ClCompile>
    <ClCompile Include="src\Predicates.cpp">
      <Filter>primitive</Filter>
    </ClCompile>
    <ClCompile Include="src\hull_test.cpp">
      <Filter>tests</Filter>
    </ClCompile>
  </ItemGroup>
</Project>